
Microsoft Visual Studio Solution File, Format Version 12.00
# Visual Studio Version 16
VisualStudioVersion = 16.0.29209.152
MinimumVisualStudioVersion = 10.0.40219.1
Project("{9A19103F-16F7-4668-BE54-9A1E7A4F7556}") = "EasyWebpack", "EasyWebpack\EasyWebpack.csproj", "{4B233537-74FA-4514-A78A-62E7DB976CB1}"
EndProject
Project("{FAE04EC0-301F-11D3-BF4B-00C04F79EFBC}") = "EasyWebpackInstaller", "EasyWebpackInstaller\EasyWebpackInstaller.csproj", "{9A67249B-BF59-490C-B267-BF00FCDE0710}"
EndProject
Global
	GlobalSection(SolutionConfigurationPlatforms) = preSolution
		Debug|Any CPU = Debug|Any CPU
		Release|Any CPU = Release|Any CPU
	EndGlobalSection
	GlobalSection(ProjectConfigurationPlatforms) = postSolution
		{4B233537-74FA-4514-A78A-62E7DB976CB1}.Debug|Any CPU.ActiveCfg = Debug|Any CPU
		{4B233537-74FA-4514-A78A-62E7DB976CB1}.Debug|Any CPU.Build.0 = Debug|Any CPU
		{4B233537-74FA-4514-A78A-62E7DB976CB1}.Release|Any CPU.ActiveCfg = Release|Any CPU
		{4B233537-74FA-4514-A78A-62E7DB976CB1}.Release|Any CPU.Build.0 = Release|Any CPU
		{9A67249B-BF59-490C-B267-BF00FCDE0710}.Debug|Any CPU.ActiveCfg = Debug|Any CPU
		{9A67249B-BF59-490C-B267-BF00FCDE0710}.Debug|Any CPU.Build.0 = Debug|Any CPU
		{9A67249B-BF59-490C-B267-BF00FCDE0710}.Release|Any CPU.ActiveCfg = Release|Any CPU
		{9A67249B-BF59-490C-B267-BF00FCDE0710}.Release|Any CPU.Build.0 = Release|Any CPU
	EndGlobalSection
	GlobalSection(SolutionProperties) = preSolution
		HideSolutionNode = FALSE
	EndGlobalSection
	GlobalSection(ExtensibilityGlobals) = postSolution
		SolutionGuid = {F77ECBCF-39D4-4F6B-8447-76B5292D5C4E}
	EndGlobalSection
EndGlobal
